
Microsoft Visual Studio Solution File, Format Version 12.00
# Visual Studio Version 16
VisualStudioVersion = 16.0.31112.23
MinimumVisualStudioVersion = 10.0.40219.1
Project("{FAE04EC0-301F-11D3-BF4B-00C04F79EFBC}") = "balkezesek", "balkezesek\balkezesek.csproj", "{6DFA45FC-89AE-4686-88ED-745E116CFE71}"
EndProject
Global
	GlobalSection(SolutionConfigurationPlatforms) = preSolution
		Debug|Any CPU = Debug|Any CPU
		Release|Any CPU = Release|Any CPU
	EndGlobalSection
	GlobalSection(ProjectConfigurationPlatforms) = postSolution
		{6DFA45FC-89AE-4686-88ED-745E116CFE71}.Debug|Any CPU.ActiveCfg = Debug|Any CPU
		{6DFA45FC-89AE-4686-88ED-745E116CFE71}.Debug|Any CPU.Build.0 = Debug|Any CPU
		{6DFA45FC-89AE-4686-88ED-745E116CFE71}.Release|Any CPU.ActiveCfg = Release|Any CPU
		{6DFA45FC-89AE-4686-88ED-745E116CFE71}.Release|Any CPU.Build.0 = Release|Any CPU
	EndGlobalSection
	GlobalSection(SolutionProperties) = preSolution
		HideSolutionNode = FALSE
	EndGlobalSection
	GlobalSection(ExtensibilityGlobals) = postSolution
		SolutionGuid = {8844A726-B70A-471B-8EA7-F0CDF27F5A80}
	EndGlobalSection
EndGlobal
